Microsoft Visual Studio Solution File, Format Version 9.00
# Visual Studio 2005
Project("{8BC9CEB8-8B4A-11D0-8D11-00A0C91BC942}") = "commonlib", "commonlib.vcproj", "{72C7BD39-4973-4026-9D47-4DD95E76A544}"
EndProject
Global
	GlobalSection(SolutionConfigurationPlatforms) = preSolution
		Debug|Win32 = Debug|Win32
		Release|Win32 = Release|Win32
	EndGlobalSection
	GlobalSection(ProjectConfigurationPlatforms) = postSolution
		{72C7BD39-4973-4026-9D47-4DD95E76A544}.Debug|Win32.ActiveCfg = Debug|Win32
		{72C7BD39-4973-4026-9D47-4DD95E76A544}.Debug|Win32.Build.0 = Debug|Win32
		{72C7BD39-4973-4026-9D47-4DD95E76A544}.Release|Win32.ActiveCfg = Release|Win32
		{72C7BD39-4973-4026-9D47-4DD95E76A544}.Release|Win32.Build.0 = Release|Win32
	EndGlobalSection
	GlobalSection(SolutionProperties) = preSolution
		HideSolutionNode = FALSE
	EndGlobalSection
EndGlobal
